
Microsoft Visual Studio Solution File, Format Version 12.00
# Visual Studio 2013
VisualStudioVersion = 12.0.30501.0
MinimumVisualStudioVersion = 10.0.40219.1
Project("{2150E333-8FDC-42A3-9474-1A3956D46DE8}") = "UI", "UI", "{ED2C74DA-612C-4B22-8CD9-1522F4782F58}"
EndProject
Project("{FAE04EC0-301F-11D3-BF4B-00C04F79EFBC}") = "FBApp", "FBApp\FBApp.csproj", "{F9714B95-1F84-4B9F-AA01-4775C7B14B9A}"
EndProject
Project("{2150E333-8FDC-42A3-9474-1A3956D46DE8}") = "Resources", "Resources", "{6F9E5D53-EBE2-4A79-81C2-5507C04BD21A}"
	ProjectSection(SolutionItems) = preProject
		..\..\..\..\Desktop\facebook_Title.png = ..\..\..\..\Desktop\facebook_Title.png
		..\..\..\..\Desktop\FB_Login.png = ..\..\..\..\Desktop\FB_Login.png
		..\..\..\..\Desktop\FBackground.png = ..\..\..\..\Desktop\FBackground.png
	EndProjectSection
EndProject
Project("{2150E333-8FDC-42A3-9474-1A3956D46DE8}") = "Solution Items", "Solution Items", "{AC736681-A589-42BA-9441-23D3655B2D39}"
	ProjectSection(SolutionItems) = preProject
		C14 Ex02 Lidor 300221041 Gil 308828292.txt = C14 Ex02 Lidor 300221041 Gil 308828292.txt
		DP_Ex02_TemplateForStudents.docx = DP_Ex02_TemplateForStudents.docx
	EndProjectSection
EndProject
Global
	GlobalSection(SolutionConfigurationPlatforms) = preSolution
		Debug|Any CPU = Debug|Any CPU
		Release|Any CPU = Release|Any CPU
	EndGlobalSection
	GlobalSection(ProjectConfigurationPlatforms) = postSolution
		{F9714B95-1F84-4B9F-AA01-4775C7B14B9A}.Debug|Any CPU.ActiveCfg = Debug|Any CPU
		{F9714B95-1F84-4B9F-AA01-4775C7B14B9A}.Debug|Any CPU.Build.0 = Debug|Any CPU
		{F9714B95-1F84-4B9F-AA01-4775C7B14B9A}.Release|Any CPU.ActiveCfg = Release|Any CPU
		{F9714B95-1F84-4B9F-AA01-4775C7B14B9A}.Release|Any CPU.Build.0 = Release|Any CPU
	EndGlobalSection
	GlobalSection(SolutionProperties) = preSolution
		HideSolutionNode = FALSE
	EndGlobalSection
	GlobalSection(NestedProjects) = preSolution
		{F9714B95-1F84-4B9F-AA01-4775C7B14B9A} = {ED2C74DA-612C-4B22-8CD9-1522F4782F58}
	EndGlobalSection
EndGlobal
